
Microsoft Visual Studio Solution File, Format Version 12.00
# Visual Studio Version 17
VisualStudioVersion = 17.9.34701.34
MinimumVisualStudioVersion = 10.0.40219.1
Project("{FAE04EC0-301F-11D3-BF4B-00C04F79EFBC}") = "CustomTextBox", "CustomTextBox.csproj", "{46C3791B-7CDB-4DF3-9EFE-971B3564581A}"
EndProject
Global
	GlobalSection(SolutionConfigurationPlatforms) = preSolution
		Debug|Any CPU = Debug|Any CPU
		Release|Any CPU = Release|Any CPU
	EndGlobalSection
	GlobalSection(ProjectConfigurationPlatforms) = postSolution
		{46C3791B-7CDB-4DF3-9EFE-971B3564581A}.Debug|Any CPU.ActiveCfg = Debug|Any CPU
		{46C3791B-7CDB-4DF3-9EFE-971B3564581A}.Debug|Any CPU.Build.0 = Debug|Any CPU
		{46C3791B-7CDB-4DF3-9EFE-971B3564581A}.Release|Any CPU.ActiveCfg = Release|Any CPU
		{46C3791B-7CDB-4DF3-9EFE-971B3564581A}.Release|Any CPU.Build.0 = Release|Any CPU
	EndGlobalSection
	GlobalSection(SolutionProperties) = preSolution
		HideSolutionNode = FALSE
	EndGlobalSection
	GlobalSection(ExtensibilityGlobals) = postSolution
		SolutionGuid = {42B43A1E-5E0C-4891-8163-EB3D741086E5}
	EndGlobalSection
EndGlobal
