
Microsoft Visual Studio Solution File, Format Version 12.00
# Visual Studio Version 17
VisualStudioVersion = 17.9.34607.119
MinimumVisualStudioVersion = 10.0.40219.1
Project("{FAE04EC0-301F-11D3-BF4B-00C04F79EFBC}") = "ListViewSample", "ListViewSample.csproj", "{22F226AC-E1FF-46DE-9084-F996CABB2284}"
EndProject
Global
	GlobalSection(SolutionConfigurationPlatforms) = preSolution
		Debug|Any CPU = Debug|Any CPU
		Release|Any CPU = Release|Any CPU
	EndGlobalSection
	GlobalSection(ProjectConfigurationPlatforms) = postSolution
		{22F226AC-E1FF-46DE-9084-F996CABB2284}.Debug|Any CPU.ActiveCfg = Debug|Any CPU
		{22F226AC-E1FF-46DE-9084-F996CABB2284}.Debug|Any CPU.Build.0 = Debug|Any CPU
		{22F226AC-E1FF-46DE-9084-F996CABB2284}.Release|Any CPU.ActiveCfg = Release|Any CPU
		{22F226AC-E1FF-46DE-9084-F996CABB2284}.Release|Any CPU.Build.0 = Release|Any CPU
	EndGlobalSection
	GlobalSection(SolutionProperties) = preSolution
		HideSolutionNode = FALSE
	EndGlobalSection
	GlobalSection(ExtensibilityGlobals) = postSolution
		SolutionGuid = {A715BE8B-D5AA-4835-9803-3827E17CF311}
	EndGlobalSection
EndGlobal
